dependencies:
- name: common
  repository: https://charts.bitnami.com/bitnami
  version: 1.13.1
- name: mariadb
  repository: https://charts.bitnami.com/bitnami
  version: 11.0.0
digest: sha256:17d8ae09202750c506473a9fcc7b0b59c92d68e2d5fc99bfc4cddfdadec29339
generated: "2022-04-28T01:57:32.4670242+02:00"
