dependencies:
- name: common
  repository: https://charts.bitnami.com/bitnami
  version: 2.2.3
- name: mariadb
  repository: https://charts.bitnami.com/bitnami
  version: 11.5.0
digest: sha256:2c48ca45ba730ff14525ceea5bc5eed966d720a7e2ccb2b26b0b98387314fd90
generated: "2023-02-21T16:53:36.807138722Z"
