dependencies:
- name: common
  repository: https://charts.bitnami.com/bitnami
  version: 1.12.0
- name: mysql
  repository: https://charts.bitnami.com/bitnami
  version: 8.8.27
digest: sha256:b6a882268137bf5aa26954138a76eff5ea853d1feca6fc2e22884dfe497f53f7
generated: "2022-03-17T04:41:04.512216034Z"
